
Microsoft Visual Studio Solution File, Format Version 12.00
# Visual Studio Version 17
VisualStudioVersion = 17.10.35027.167
MinimumVisualStudioVersion = 10.0.40219.1
Project("{FAE04EC0-301F-11D3-BF4B-00C04F79EFBC}") = "CustomerServiceChatAPI", "CustomerServiceChatAPI\CustomerServiceChatAPI.csproj", "{D6665774-F642-462E-AC3E-0E9484C776C6}"
EndProject
Global
	GlobalSection(SolutionConfigurationPlatforms) = preSolution
		Debug|Any CPU = Debug|Any CPU
		Release|Any CPU = Release|Any CPU
	EndGlobalSection
	GlobalSection(ProjectConfigurationPlatforms) = postSolution
		{D6665774-F642-462E-AC3E-0E9484C776C6}.Debug|Any CPU.ActiveCfg = Debug|Any CPU
		{D6665774-F642-462E-AC3E-0E9484C776C6}.Debug|Any CPU.Build.0 = Debug|Any CPU
		{D6665774-F642-462E-AC3E-0E9484C776C6}.Release|Any CPU.ActiveCfg = Release|Any CPU
		{D6665774-F642-462E-AC3E-0E9484C776C6}.Release|Any CPU.Build.0 = Release|Any CPU
	EndGlobalSection
	GlobalSection(SolutionProperties) = preSolution
		HideSolutionNode = FALSE
	EndGlobalSection
	GlobalSection(ExtensibilityGlobals) = postSolution
		SolutionGuid = {F4482C16-BE0C-4738-AE78-AF144C927C39}
	EndGlobalSection
EndGlobal
